// !$*UTF8*$!
{
	archiveVersion = 1;
	classes = {
	};
	objectVersion = 46;
	objects = {

/* Begin PBXBuildFile section */
		54CA30D51F2CDE3D00DE87AC /* AppDelegate.swift in Sources */ = {isa = PBXBuildFile; fileRef = 54CA30D41F2CDE3D00DE87AC /* AppDelegate.swift */; };
		54CA30D71F2CDE3D00DE87AC /* ViewController.swift in Sources */ = {isa = PBXBuildFile; fileRef = 54CA30D61F2CDE3D00DE87AC /* ViewController.swift */; };
		54CA30DA1F2CDE3D00DE87AC /* Main.storyboard in Resources */ = {isa = PBXBuildFile; fileRef = 54CA30D81F2CDE3D00DE87AC /* Main.storyboard */; };
		54CA30DC1F2CDE3D00DE87AC /* Assets.xcassets in Resources */ = {isa = PBXBuildFile; fileRef = 54CA30DB1F2CDE3D00DE87AC /* Assets.xcassets */; };
		54CA30DF1F2CDE3D00DE87AC /* LaunchScreen.storyboard in Resources */ = {isa = PBXBuildFile; fileRef = 54CA30DD1F2CDE3D00DE87AC /* LaunchScreen.storyboard */; };
		54CA30E71F2CDE7E00DE87AC /* GoogleService-Info.plist in Resources */ = {isa = PBXBuildFile; fileRef = 54CA30E61F2CDE7E00DE87AC /* GoogleService-Info.plist */; };
		54CA30FA1F2CE0EA00DE87AC /* GeoFire.m in Sources */ = {isa = PBXBuildFile; fileRef = 54CA30F11F2CE0EA00DE87AC /* GeoFire.m */; };
		54CA30FB1F2CE0EA00DE87AC /* GFBase32Utils.m in Sources */ = {isa = PBXBuildFile; fileRef = 54CA30F31F2CE0EA00DE87AC /* GFBase32Utils.m */; };
		54CA30FC1F2CE0EA00DE87AC /* GFGeoHash.m in Sources */ = {isa = PBXBuildFile; fileRef = 54CA30F51F2CE0EA00DE87AC /* GFGeoHash.m */; };
		54CA30FD1F2CE0EA00DE87AC /* GFGeoHashQuery.m in Sources */ = {isa = PBXBuildFile; fileRef = 54CA30F71F2CE0EA00DE87AC /* GFGeoHashQuery.m */; };
		54CA30FE1F2CE0EA00DE87AC /* GFQuery.m in Sources */ = {isa = PBXBuildFile; fileRef = 54CA30F91F2CE0EA00DE87AC /* GFQuery.m */; };
		54CA31071F2D066C00DE87AC /* PokeAnnotation.swift in Sources */ = {isa = PBXBuildFile; fileRef = 54CA31061F2D066C00DE87AC /* PokeAnnotation.swift */; };
		976DA08EA7F9DD26A615701B /* Pods_PokeFinder.framework in Frameworks */ = {isa = PBXBuildFile; fileRef = 7EA95ED1B667669A81C7DFE5 /* Pods_PokeFinder.framework */; };
/* End PBXBuildFile section */

/* Begin PBXFileReference section */
		54CA30D11F2CDE3D00DE87AC /* PokeFinder.app */ = {isa = PBXFileReference; explicitFileType = wrapper.application; includeInIndex = 0; path = PokeFinder.app; sourceTree = BUILT_PRODUCTS_DIR; };
		54CA30D41F2CDE3D00DE87AC /* AppDelegate.swift */ = {isa = PBXFileReference; lastKnownFileType = sourcecode.swift; path = AppDelegate.swift; sourceTree = "<group>"; };
		54CA30D61F2CDE3D00DE87AC /* ViewController.swift */ = {isa = PBXFileReference; lastKnownFileType = sourcecode.swift; path = ViewController.swift; sourceTree = "<group>"; };
		54CA30D91F2CDE3D00DE87AC /* Base */ = {isa = PBXFileReference; lastKnownFileType = file.storyboard; name = Base; path = Base.lproj/Main.storyboard; sourceTree = "<group>"; };
		54CA30DB1F2CDE3D00DE87AC /* Assets.xcassets */ = {isa = PBXFileReference; lastKnownFileType = folder.assetcatalog; path = Assets.xcassets; sourceTree = "<group>"; };
		54CA30DE1F2CDE3D00DE87AC /* Base */ = {isa = PBXFileReference; lastKnownFileType = file.storyboard; name = Base; path = Base.lproj/LaunchScreen.storyboard; sourceTree = "<group>"; };
		54CA30E01F2CDE3D00DE87AC /* Info.plist */ = {isa = PBXFileReference; lastKnownFileType = text.plist.xml; path = Info.plist; sourceTree = "<group>"; };
		54CA30E61F2CDE7E00DE87AC /* GoogleService-Info.plist */ = {isa = PBXFileReference; fileEncoding = 4; lastKnownFileType = text.plist.xml; path = "GoogleService-Info.plist"; sourceTree = "<group>"; };
		54CA30EA1F2CE0EA00DE87AC /* GeoFire.h */ = {isa = PBXFileReference; fileEncoding = 4; lastKnownFileType = sourcecode.c.h; path = GeoFire.h; sourceTree = "<group>"; };
		54CA30EB1F2CE0EA00DE87AC /* GFCircleQuery.h */ = {isa = PBXFileReference; fileEncoding = 4; lastKnownFileType = sourcecode.c.h; path = GFCircleQuery.h; sourceTree = "<group>"; };
		54CA30EC1F2CE0EA00DE87AC /* GFQuery.h */ = {isa = PBXFileReference; fileEncoding = 4; lastKnownFileType = sourcecode.c.h; path = GFQuery.h; sourceTree = "<group>"; };
		54CA30ED1F2CE0EA00DE87AC /* GFRegionQuery.h */ = {isa = PBXFileReference; fileEncoding = 4; lastKnownFileType = sourcecode.c.h; path = GFRegionQuery.h; sourceTree = "<group>"; };
		54CA30EE1F2CE0EA00DE87AC /* GeoFire-Prefix.pch */ = {isa = PBXFileReference; fileEncoding = 4; lastKnownFileType = sourcecode.c.h; path = "GeoFire-Prefix.pch"; sourceTree = "<group>"; };
		54CA30F01F2CE0EA00DE87AC /* GeoFire+Private.h */ = {isa = PBXFileReference; fileEncoding = 4; lastKnownFileType = sourcecode.c.h; path = "GeoFire+Private.h"; sourceTree = "<group>"; };
		54CA30F11F2CE0EA00DE87AC /* GeoFire.m */ = {isa = PBXFileReference; fileEncoding = 4; lastKnownFileType = sourcecode.c.objc; path = GeoFire.m; sourceTree = "<group>"; };
		54CA30F21F2CE0EA00DE87AC /* GFBase32Utils.h */ = {isa = PBXFileReference; fileEncoding = 4; lastKnownFileType = sourcecode.c.h; path = GFBase32Utils.h; sourceTree = "<group>"; };
		54CA30F31F2CE0EA00DE87AC /* GFBase32Utils.m */ = {isa = PBXFileReference; fileEncoding = 4; lastKnownFileType = sourcecode.c.objc; path = GFBase32Utils.m; sourceTree = "<group>"; };
		54CA30F41F2CE0EA00DE87AC /* GFGeoHash.h */ = {isa = PBXFileReference; fileEncoding = 4; lastKnownFileType = sourcecode.c.h; path = GFGeoHash.h; sourceTree = "<group>"; };
		54CA30F51F2CE0EA00DE87AC /* GFGeoHash.m */ = {isa = PBXFileReference; fileEncoding = 4; lastKnownFileType = sourcecode.c.objc; path = GFGeoHash.m; sourceTree = "<group>"; };
		54CA30F61F2CE0EA00DE87AC /* GFGeoHashQuery.h */ = {isa = PBXFileReference; fileEncoding = 4; lastKnownFileType = sourcecode.c.h; path = GFGeoHashQuery.h; sourceTree = "<group>"; };
		54CA30F71F2CE0EA00DE87AC /* GFGeoHashQuery.m */ = {isa = PBXFileReference; fileEncoding = 4; lastKnownFileType = sourcecode.c.objc; path = GFGeoHashQuery.m; sourceTree = "<group>"; };
		54CA30F81F2CE0EA00DE87AC /* GFQuery+Private.h */ = {isa = PBXFileReference; fileEncoding = 4; lastKnownFileType = sourcecode.c.h; path = "GFQuery+Private.h"; sourceTree = "<group>"; };
		54CA30F91F2CE0EA00DE87AC /* GFQuery.m */ = {isa = PBXFileReference; fileEncoding = 4; lastKnownFileType = sourcecode.c.objc; path = GFQuery.m; sourceTree = "<group>"; };
		54CA31021F2CE22500DE87AC /* PokeFinder-Bridging-Header.h */ = {isa = PBXFileReference; lastKnownFileType = sourcecode.c.h; path = "PokeFinder-Bridging-Header.h"; sourceTree = "<group>"; };
		54CA31061F2D066C00DE87AC /* PokeAnnotation.swift */ = {isa = PBXFileReference; fileEncoding = 4; lastKnownFileType = sourcecode.swift; path = PokeAnnotation.swift; sourceTree = "<group>"; };
		6FAD7534F9FBD9CE3A5BC84E /* Pods-PokeFinder.release.xcconfig */ = {isa = PBXFileReference; includeInIndex = 1; lastKnownFileType = text.xcconfig; name = "Pods-PokeFinder.release.xcconfig"; path = "Pods/Target Support Files/Pods-PokeFinder/Pods-PokeFinder.release.xcconfig"; sourceTree = "<group>"; };
		7EA95ED1B667669A81C7DFE5 /* Pods_PokeFinder.framework */ = {isa = PBXFileReference; explicitFileType = wrapper.framework; includeInIndex = 0; path = Pods_PokeFinder.framework; sourceTree = BUILT_PRODUCTS_DIR; };
		8498E9FC79799DDEE7D4814E /* Pods-PokeFinder.debug.xcconfig */ = {isa = PBXFileReference; includeInIndex = 1; lastKnownFileType = text.xcconfig; name = "Pods-PokeFinder.debug.xcconfig"; path = "Pods/Target Support Files/Pods-PokeFinder/Pods-PokeFinder.debug.xcconfig"; sourceTree = "<group>"; };
/* End PBXFileReference section */

/* Begin PBXFrameworksBuildPhase section */
		54CA30CE1F2CDE3D00DE87AC /* Frameworks */ = {
			isa = PBXFrameworksBuildPhase;
			buildActionMask = 2147483647;
			files = (
				976DA08EA7F9DD26A615701B /* Pods_PokeFinder.framework in Frameworks */,
			);
			runOnlyForDeploymentPostprocessing = 0;
		};
/* End PBXFrameworksBuildPhase section */

/* Begin PBXGroup section */
		45CC0394DC949840C96D306D /* Frameworks */ = {
			isa = PBXGroup;
			children = (
				7EA95ED1B667669A81C7DFE5 /* Pods_PokeFinder.framework */,
			);
			name = Frameworks;
			sourceTree = "<group>";
		};
		54CA30C81F2CDE3D00DE87AC = {
			isa = PBXGroup;
			children = (
				54CA30D31F2CDE3D00DE87AC /* PokeFinder */,
				54CA30D21F2CDE3D00DE87AC /* Products */,
				B157713A86F4AA1AEF2969F9 /* Pods */,
				45CC0394DC949840C96D306D /* Frameworks */,
			);
			sourceTree = "<group>";
		};
		54CA30D21F2CDE3D00DE87AC /* Products */ = {
			isa = PBXGroup;
			children = (
				54CA30D11F2CDE3D00DE87AC /* PokeFinder.app */,
			);
			name = Products;
			sourceTree = "<group>";
		};
		54CA30D31F2CDE3D00DE87AC /* PokeFinder */ = {
			isa = PBXGroup;
			children = (
				54CA31041F2D063C00DE87AC /* Model */,
				54CA31031F2D063500DE87AC /* Controller */,
				54CA30E81F2CE0EA00DE87AC /* GeoFire */,
				54CA30E61F2CDE7E00DE87AC /* GoogleService-Info.plist */,
				54CA30D41F2CDE3D00DE87AC /* AppDelegate.swift */,
				54CA30D81F2CDE3D00DE87AC /* Main.storyboard */,
				54CA30DB1F2CDE3D00DE87AC /* Assets.xcassets */,
				54CA30DD1F2CDE3D00DE87AC /* LaunchScreen.storyboard */,
				54CA30E01F2CDE3D00DE87AC /* Info.plist */,
				54CA31021F2CE22500DE87AC /* PokeFinder-Bridging-Header.h */,
			);
			path = PokeFinder;
			sourceTree = "<group>";
		};
		54CA30E81F2CE0EA00DE87AC /* GeoFire */ = {
			isa = PBXGroup;
			children = (
				54CA30E91F2CE0EA00DE87AC /* API */,
				54CA30EE1F2CE0EA00DE87AC /* GeoFire-Prefix.pch */,
				54CA30EF1F2CE0EA00DE87AC /* Implementation */,
			);
			path = GeoFire;
			sourceTree = "<group>";
		};
		54CA30E91F2CE0EA00DE87AC /* API */ = {
			isa = PBXGroup;
			children = (
				54CA30EA1F2CE0EA00DE87AC /* GeoFire.h */,
				54CA30EB1F2CE0EA00DE87AC /* GFCircleQuery.h */,
				54CA30EC1F2CE0EA00DE87AC /* GFQuery.h */,
				54CA30ED1F2CE0EA00DE87AC /* GFRegionQuery.h */,
			);
			path = API;
			sourceTree = "<group>";
		};
		54CA30EF1F2CE0EA00DE87AC /* Implementation */ = {
			isa = PBXGroup;
			children = (
				54CA30F01F2CE0EA00DE87AC /* GeoFire+Private.h */,
				54CA30F11F2CE0EA00DE87AC /* GeoFire.m */,
				54CA30F21F2CE0EA00DE87AC /* GFBase32Utils.h */,
				54CA30F31F2CE0EA00DE87AC /* GFBase32Utils.m */,
				54CA30F41F2CE0EA00DE87AC /* GFGeoHash.h */,
				54CA30F51F2CE0EA00DE87AC /* GFGeoHash.m */,
				54CA30F61F2CE0EA00DE87AC /* GFGeoHashQuery.h */,
				54CA30F71F2CE0EA00DE87AC /* GFGeoHashQuery.m */,
				54CA30F81F2CE0EA00DE87AC /* GFQuery+Private.h */,
				54CA30F91F2CE0EA00DE87AC /* GFQuery.m */,
			);
			path = Implementation;
			sourceTree = "<group>";
		};
		54CA31031F2D063500DE87AC /* Controller */ = {
			isa = PBXGroup;
			children = (
				54CA30D61F2CDE3D00DE87AC /* ViewController.swift */,
			);
			name = Controller;
			sourceTree = "<group>";
		};
		54CA31041F2D063C00DE87AC /* Model */ = {
			isa = PBXGroup;
			children = (
				54CA31061F2D066C00DE87AC /* PokeAnnotation.swift */,
			);
			name = Model;
			sourceTree = "<group>";
		};
		B157713A86F4AA1AEF2969F9 /* Pods */ = {
			isa = PBXGroup;
			children = (
				8498E9FC79799DDEE7D4814E /* Pods-PokeFinder.debug.xcconfig */,
				6FAD7534F9FBD9CE3A5BC84E /* Pods-PokeFinder.release.xcconfig */,
			);
			name = Pods;
			sourceTree = "<group>";
		};
/* End PBXGroup section */

/* Begin PBXNativeTarget section */
		54CA30D01F2CDE3D00DE87AC /* PokeFinder */ = {
			isa = PBXNativeTarget;
			buildConfigurationList = 54CA30E31F2CDE3D00DE87AC /* Build configuration list for PBXNativeTarget "PokeFinder" */;
			buildPhases = (
				A4A4D5CA7788A414495D2F1D /* [CP] Check Pods Manifest.lock */,
				54CA30CD1F2CDE3D00DE87AC /* Sources */,
				54CA30CE1F2CDE3D00DE87AC /* Frameworks */,
				54CA30CF1F2CDE3D00DE87AC /* Resources */,
				B2FFD8C387DB50C31B32BBC6 /* [CP] Embed Pods Frameworks */,
				DA1D5898A576E305E970F53F /* [CP] Copy Pods Resources */,
			);
			buildRules = (
			);
			dependencies = (
			);
			name = PokeFinder;
			productName = PokeFinder;
			productReference = 54CA30D11F2CDE3D00DE87AC /* PokeFinder.app */;
			productType = "com.apple.product-type.application";
		};
/* End PBXNativeTarget section */

/* Begin PBXProject section */
		54CA30C91F2CDE3D00DE87AC /* Project object */ = {
			isa = PBXProject;
			attributes = {
				LastSwiftUpdateCheck = 0830;
				LastUpgradeCheck = 0830;
				ORGANIZATIONNAME = "Andre Rosa";
				TargetAttributes = {
					54CA30D01F2CDE3D00DE87AC = {
						CreatedOnToolsVersion = 8.3.1;
						DevelopmentTeam = K27EE7EUGC;
						ProvisioningStyle = Automatic;
					};
				};
			};
			buildConfigurationList = 54CA30CC1F2CDE3D00DE87AC /* Build configuration list for PBXProject "PokeFinder" */;
			compatibilityVersion = "Xcode 3.2";
			developmentRegion = English;
			hasScannedForEncodings = 0;
			knownRegions = (
				en,
				Base,
			);
			mainGroup = 54CA30C81F2CDE3D00DE87AC;
			productRefGroup = 54CA30D21F2CDE3D00DE87AC /* Products */;
			projectDirPath = "";
			projectRoot = "";
			targets = (
				54CA30D01F2CDE3D00DE87AC /* PokeFinder */,
			);
		};
/* End PBXProject section */

/* Begin PBXResourcesBuildPhase section */
		54CA30CF1F2CDE3D00DE87AC /* Resources */ = {
			isa = PBXResourcesBuildPhase;
			buildActionMask = 2147483647;
			files = (
				54CA30DF1F2CDE3D00DE87AC /* LaunchScreen.storyboard in Resources */,
				54CA30E71F2CDE7E00DE87AC /* GoogleService-Info.plist in Resources */,
				54CA30DC1F2CDE3D00DE87AC /* Assets.xcassets in Resources */,
				54CA30DA1F2CDE3D00DE87AC /* Main.storyboard in Resources */,
			);
			runOnlyForDeploymentPostprocessing = 0;
		};
/* End PBXResourcesBuildPhase section */

/* Begin PBXShellScriptBuildPhase section */
		A4A4D5CA7788A414495D2F1D /* [CP] Check Pods Manifest.lock */ = {
			isa = PBXShellScriptBuildPhase;
			buildActionMask = 2147483647;
			files = (
			);
			inputPaths = (
			);
			name = "[CP] Check Pods Manifest.lock";
			outputPaths = (
			);
			runOnlyForDeploymentPostprocessing = 0;
			shellPath = /bin/sh;
			shellScript = "diff \"${PODS_PODFILE_DIR_PATH}/Podfile.lock\" \"${PODS_ROOT}/Manifest.lock\" > /dev/null\nif [ $? != 0 ] ; then\n    # print error to STDERR\n    echo \"error: The sandbox is not in sync with the Podfile.lock. Run 'pod install' or update your CocoaPods installation.\" >&2\n    exit 1\nfi\n";
			showEnvVarsInLog = 0;
		};
		B2FFD8C387DB50C31B32BBC6 /* [CP] Embed Pods Frameworks */ = {
			isa = PBXShellScriptBuildPhase;
			buildActionMask = 2147483647;
			files = (
			);
			inputPaths = (
			);
			name = "[CP] Embed Pods Frameworks";
			outputPaths = (
			);
			runOnlyForDeploymentPostprocessing = 0;
			shellPath = /bin/sh;
			shellScript = "\"${SRCROOT}/Pods/Target Support Files/Pods-PokeFinder/Pods-PokeFinder-frameworks.sh\"\n";
			showEnvVarsInLog = 0;
		};
		DA1D5898A576E305E970F53F /* [CP] Copy Pods Resources */ = {
			isa = PBXShellScriptBuildPhase;
			buildActionMask = 2147483647;
			files = (
			);
			inputPaths = (
			);
			name = "[CP] Copy Pods Resources";
			outputPaths = (
			);
			runOnlyForDeploymentPostprocessing = 0;
			shellPath = /bin/sh;
			shellScript = "\"${SRCROOT}/Pods/Target Support Files/Pods-PokeFinder/Pods-PokeFinder-resources.sh\"\n";
			showEnvVarsInLog = 0;
		};
/* End PBXShellScriptBuildPhase section */

/* Begin PBXSourcesBuildPhase section */
		54CA30CD1F2CDE3D00DE87AC /* Sources */ = {
			isa = PBXSourcesBuildPhase;
			buildActionMask = 2147483647;
			files = (
				54CA30FB1F2CE0EA00DE87AC /* GFBase32Utils.m in Sources */,
				54CA31071F2D066C00DE87AC /* PokeAnnotation.swift in Sources */,
				54CA30D71F2CDE3D00DE87AC /* ViewController.swift in Sources */,
				54CA30FC1F2CE0EA00DE87AC /* GFGeoHash.m in Sources */,
				54CA30D51F2CDE3D00DE87AC /* AppDelegate.swift in Sources */,
				54CA30FA1F2CE0EA00DE87AC /* GeoFire.m in Sources */,
				54CA30FD1F2CE0EA00DE87AC /* GFGeoHashQuery.m in Sources */,
				54CA30FE1F2CE0EA00DE87AC /* GFQuery.m in Sources */,
			);
			runOnlyForDeploymentPostprocessing = 0;
		};
/* End PBXSourcesBuildPhase section */

/* Begin PBXVariantGroup section */
		54CA30D81F2CDE3D00DE87AC /* Main.storyboard */ = {
			isa = PBXVariantGroup;
			children = (
				54CA30D91F2CDE3D00DE87AC /* Base */,
			);
			name = Main.storyboard;
			sourceTree = "<group>";
		};
		54CA30DD1F2CDE3D00DE87AC /* LaunchScreen.storyboard */ = {
			isa = PBXVariantGroup;
			children = (
				54CA30DE1F2CDE3D00DE87AC /* Base */,
			);
			name = LaunchScreen.storyboard;
			sourceTree = "<group>";
		};
/* End PBXVariantGroup section */

/* Begin XCBuildConfiguration section */
		54CA30E11F2CDE3D00DE87AC /* Debug */ = {
			isa = XCBuildConfiguration;
			buildSettings = {
				ALWAYS_SEARCH_USER_PATHS = NO;
				CLANG_ANALYZER_NONNULL = YES;
				CLANG_ANALYZER_NUMBER_OBJECT_CONVERSION = YES_AGGRESSIVE;
				CLANG_CXX_LANGUAGE_STANDARD = "gnu++0x";
				CLANG_CXX_LIBRARY = "libc++";
				CLANG_ENABLE_MODULES = YES;
				CLANG_ENABLE_OBJC_ARC = YES;
				CLANG_WARN_BOOL_CONVERSION = YES;
				CLANG_WARN_CONSTANT_CONVERSION = YES;
				CLANG_WARN_DIRECT_OBJC_ISA_USAGE = YES_ERROR;
				CLANG_WARN_DOCUMENTATION_COMMENTS = YES;
				CLANG_WARN_EMPTY_BODY = YES;
				CLANG_WARN_ENUM_CONVERSION = YES;
				CLANG_WARN_INFINITE_RECURSION = YES;
				CLANG_WARN_INT_CONVERSION = YES;
				CLANG_WARN_OBJC_ROOT_CLASS = YES_ERROR;
				CLANG_WARN_SUSPICIOUS_MOVE = YES;
				CLANG_WARN_UNREACHABLE_CODE = YES;
				CLANG_WARN__DUPLICATE_METHOD_MATCH = YES;
				"CODE_SIGN_IDENTITY[sdk=iphoneos*]" = "iPhone Developer";
				COPY_PHASE_STRIP = NO;
				DEBUG_INFORMATION_FORMAT = dwarf;
				ENABLE_STRICT_OBJC_MSGSEND = YES;
				ENABLE_TESTABILITY = YES;
				GCC_C_LANGUAGE_STANDARD = gnu99;
				GCC_DYNAMIC_NO_PIC = NO;
				GCC_NO_COMMON_BLOCKS = YES;
				GCC_OPTIMIZATION_LEVEL = 0;
				GCC_PREPROCESSOR_DEFINITIONS = (
					"DEBUG=1",
					"$(inherited)",
				);
				GCC_WARN_64_TO_32_BIT_CONVERSION = YES;
				GCC_WARN_ABOUT_RETURN_TYPE = YES_ERROR;
				GCC_WARN_UNDECLARED_SELECTOR = YES;
				GCC_WARN_UNINITIALIZED_AUTOS = YES_AGGRESSIVE;
				GCC_WARN_UNUSED_FUNCTION = YES;
				GCC_WARN_UNUSED_VARIABLE = YES;
				IPHONEOS_DEPLOYMENT_TARGET = 10.3;
				MTL_ENABLE_DEBUG_INFO = YES;
				ONLY_ACTIVE_ARCH = YES;
				SDKROOT = iphoneos;
				SWIFT_ACTIVE_COMPILATION_CONDITIONS = DEBUG;
				SWIFT_OPTIMIZATION_LEVEL = "-Onone";
			};
			name = Debug;
		};
		54CA30E21F2CDE3D00DE87AC /* Release */ = {
			isa = XCBuildConfiguration;
			buildSettings = {
				ALWAYS_SEARCH_USER_PATHS = NO;
				CLANG_ANALYZER_NONNULL = YES;
				CLANG_ANALYZER_NUMBER_OBJECT_CONVERSION = YES_AGGRESSIVE;
				CLANG_CXX_LANGUAGE_STANDARD = "gnu++0x";
				CLANG_CXX_LIBRARY = "libc++";
				CLANG_ENABLE_MODULES = YES;
				CLANG_ENABLE_OBJC_ARC = YES;
				CLANG_WARN_BOOL_CONVERSION = YES;
				CLANG_WARN_CONSTANT_CONVERSION = YES;
				CLANG_WARN_DIRECT_OBJC_ISA_USAGE = YES_ERROR;
				CLANG_WARN_DOCUMENTATION_COMMENTS = YES;
				CLANG_WARN_EMPTY_BODY = YES;
				CLANG_WARN_ENUM_CONVERSION = YES;
				CLANG_WARN_INFINITE_RECURSION = YES;
				CLANG_WARN_INT_CONVERSION = YES;
				CLANG_WARN_OBJC_ROOT_CLASS = YES_ERROR;
				CLANG_WARN_SUSPICIOUS_MOVE = YES;
				CLANG_WARN_UNREACHABLE_CODE = YES;
				CLANG_WARN__DUPLICATE_METHOD_MATCH = YES;
				"CODE_SIGN_IDENTITY[sdk=iphoneos*]" = "iPhone Developer";
				COPY_PHASE_STRIP = NO;
				DEBUG_INFORMATION_FORMAT = "dwarf-with-dsym";
				ENABLE_NS_ASSERTIONS = NO;
				ENABLE_STRICT_OBJC_MSGSEND = YES;
				GCC_C_LANGUAGE_STANDARD = gnu99;
				GCC_NO_COMMON_BLOCKS = YES;
				GCC_WARN_64_TO_32_BIT_CONVERSION = YES;
				GCC_WARN_ABOUT_RETURN_TYPE = YES_ERROR;
				GCC_WARN_UNDECLARED_SELECTOR = YES;
				GCC_WARN_UNINITIALIZED_AUTOS = YES_AGGRESSIVE;
				GCC_WARN_UNUSED_FUNCTION = YES;
				GCC_WARN_UNUSED_VARIABLE = YES;
				IPHONEOS_DEPLOYMENT_TARGET = 10.3;
				MTL_ENABLE_DEBUG_INFO = NO;
				SDKROOT = iphoneos;
				SWIFT_OPTIMIZATION_LEVEL = "-Owholemodule";
				VALIDATE_PRODUCT = YES;
			};
			name = Release;
		};
		54CA30E41F2CDE3D00DE87AC /* Debug */ = {
			isa = XCBuildConfiguration;
			baseConfigurationReference = 8498E9FC79799DDEE7D4814E /* Pods-PokeFinder.debug.xcconfig */;
			buildSettings = {
				ASSETCATALOG_COMPILER_APPICON_NAME = AppIcon;
				DEVELOPMENT_TEAM = K27EE7EUGC;
				INFOPLIST_FILE = PokeFinder/Info.plist;
				LD_RUNPATH_SEARCH_PATHS = "$(inherited) @executable_path/Frameworks";
				PRODUCT_BUNDLE_IDENTIFIER = com.andre.PokeFinder;
				PRODUCT_NAME = "$(TARGET_NAME)";
				SWIFT_OBJC_BRIDGING_HEADER = "PokeFinder/PokeFinder-Bridging-Header.h";
				SWIFT_VERSION = 3.0;
			};
			name = Debug;
		};
		54CA30E51F2CDE3D00DE87AC /* Release */ = {
			isa = XCBuildConfiguration;
			baseConfigurationReference = 6FAD7534F9FBD9CE3A5BC84E /* Pods-PokeFinder.release.xcconfig */;
			buildSettings = {
				ASSETCATALOG_COMPILER_APPICON_NAME = AppIcon;
				DEVELOPMENT_TEAM = K27EE7EUGC;
				INFOPLIST_FILE = PokeFinder/Info.plist;
				LD_RUNPATH_SEARCH_PATHS = "$(inherited) @executable_path/Frameworks";
				PRODUCT_BUNDLE_IDENTIFIER = com.andre.PokeFinder;
				PRODUCT_NAME = "$(TARGET_NAME)";
				SWIFT_OBJC_BRIDGING_HEADER = "PokeFinder/PokeFinder-Bridging-Header.h";
				SWIFT_VERSION = 3.0;
			};
			name = Release;
		};
/* End XCBuildConfiguration section */

/* Begin XCConfigurationList section */
		54CA30CC1F2CDE3D00DE87AC /* Build configuration list for PBXProject "PokeFinder" */ = {
			isa = XCConfigurationList;
			buildConfigurations = (
				54CA30E11F2CDE3D00DE87AC /* Debug */,
				54CA30E21F2CDE3D00DE87AC /* Release */,
			);
			defaultConfigurationIsVisible = 0;
			defaultConfigurationName = Release;
		};
		54CA30E31F2CDE3D00DE87AC /* Build configuration list for PBXNativeTarget "PokeFinder" */ = {
			isa = XCConfigurationList;
			buildConfigurations = (
				54CA30E41F2CDE3D00DE87AC /* Debug */,
				54CA30E51F2CDE3D00DE87AC /* Release */,
			);
			defaultConfigurationIsVisible = 0;
			defaultConfigurationName = Release;
		};
/* End XCConfigurationList section */
	};
	rootObject = 54CA30C91F2CDE3D00DE87AC /* Project object */;
}
